
Microsoft Visual Studio Solution File, Format Version 12.00
# Visual Studio Version 16
VisualStudioVersion = 16.0.31105.61
MinimumVisualStudioVersion = 10.0.40219.1
Project("{FAE04EC0-301F-11D3-BF4B-00C04F79EFBC}") = "ConsoleApp3", "ConsoleApp3\ConsoleApp3.csproj", "{B683B473-9258-445B-A5C0-57F9823A66E3}"
EndProject
Global
	GlobalSection(SolutionConfigurationPlatforms) = preSolution
		Debug|Any CPU = Debug|Any CPU
		Release|Any CPU = Release|Any CPU
	EndGlobalSection
	GlobalSection(ProjectConfigurationPlatforms) = postSolution
		{B683B473-9258-445B-A5C0-57F9823A66E3}.Debug|Any CPU.ActiveCfg = Debug|Any CPU
		{B683B473-9258-445B-A5C0-57F9823A66E3}.Debug|Any CPU.Build.0 = Debug|Any CPU
		{B683B473-9258-445B-A5C0-57F9823A66E3}.Release|Any CPU.ActiveCfg = Release|Any CPU
		{B683B473-9258-445B-A5C0-57F9823A66E3}.Release|Any CPU.Build.0 = Release|Any CPU
	EndGlobalSection
	GlobalSection(SolutionProperties) = preSolution
		HideSolutionNode = FALSE
	EndGlobalSection
	GlobalSection(ExtensibilityGlobals) = postSolution
		SolutionGuid = {F6550664-BF64-46AA-9048-5C9E4654635D}
	EndGlobalSection
EndGlobal
